
Microsoft Visual Studio Solution File, Format Version 12.00
# Visual Studio Version 17
VisualStudioVersion = 17.0.32112.339
MinimumVisualStudioVersion = 10.0.40219.1
Project("{FAE04EC0-301F-11D3-BF4B-00C04F79EFBC}") = "ViewModelWFApp1", "ViewModelWFApp1\ViewModelWFApp1.csproj", "{65B45B9A-C5A4-49A5-B0FB-807D31E22EF7}"
EndProject
Global
	GlobalSection(SolutionConfigurationPlatforms) = preSolution
		Debug|Any CPU = Debug|Any CPU
		Release|Any CPU = Release|Any CPU
	EndGlobalSection
	GlobalSection(ProjectConfigurationPlatforms) = postSolution
		{65B45B9A-C5A4-49A5-B0FB-807D31E22EF7}.Debug|Any CPU.ActiveCfg = Debug|Any CPU
		{65B45B9A-C5A4-49A5-B0FB-807D31E22EF7}.Debug|Any CPU.Build.0 = Debug|Any CPU
		{65B45B9A-C5A4-49A5-B0FB-807D31E22EF7}.Release|Any CPU.ActiveCfg = Release|Any CPU
		{65B45B9A-C5A4-49A5-B0FB-807D31E22EF7}.Release|Any CPU.Build.0 = Release|Any CPU
	EndGlobalSection
	GlobalSection(SolutionProperties) = preSolution
		HideSolutionNode = FALSE
	EndGlobalSection
	GlobalSection(ExtensibilityGlobals) = postSolution
		SolutionGuid = {23960F39-686C-4500-82F2-27C864880FE7}
	EndGlobalSection
EndGlobal
